// !$*UTF8*$!
{
	archiveVersion = 1;
	classes = {
	};
	objectVersion = 45;
	objects = {

/* Begin PBXBuildFile section */
		1DDD58160DA1D0A300B32029 /* MainMenu.xib in Resources */ = {isa = PBXBuildFile; fileRef = 1DDD58140DA1D0A300B32029 /* MainMenu.xib */; };
		492474381121DF53003C9CC9 /* LDDebriefFile.m in Sources */ = {isa = PBXBuildFile; fileRef = 492474371121DF53003C9CC9 /* LDDebriefFile.m */; };
		492474A31121E6E3003C9CC9 /* LDDebriefLine.m in Sources */ = {isa = PBXBuildFile; fileRef = 492474A21121E6E3003C9CC9 /* LDDebriefLine.m */; };
		4975F2F0112CDAAD0052E9B4 /* tree.xml in Resources */ = {isa = PBXBuildFile; fileRef = 4975F2EF112CDAAD0052E9B4 /* tree.xml */; };
		4975F321112CE40D0052E9B4 /* LDQuestionData.m in Sources */ = {isa = PBXBuildFile; fileRef = 4975F320112CE40D0052E9B4 /* LDQuestionData.m */; };
		4975F344112CE5860052E9B4 /* LDAppData.m in Sources */ = {isa = PBXBuildFile; fileRef = 4975F343112CE5860052E9B4 /* LDAppData.m */; };
		4975F393112CFB3D0052E9B4 /* LDReadInFile.m in Sources */ = {isa = PBXBuildFile; fileRef = 4975F392112CFB3D0052E9B4 /* LDReadInFile.m */; };
		4975F3C5112D00F70052E9B4 /* LDTaskData.m in Sources */ = {isa = PBXBuildFile; fileRef = 4975F3C4112D00F70052E9B4 /* LDTaskData.m */; };
		49E3684B10FF8CC4009924B0 /* LachesisDebrieferAppDelegate.m in Sources */ = {isa = PBXBuildFile; fileRef = 49E3684110FF8CC4009924B0 /* LachesisDebrieferAppDelegate.m */; };
		49E3684C10FF8CC4009924B0 /* LDLoadingViewController.m in Sources */ = {isa = PBXBuildFile; fileRef = 49E3684310FF8CC4009924B0 /* LDLoadingViewController.m */; };
		49E3684D10FF8CC4009924B0 /* LDLoadingMaster.m in Sources */ = {isa = PBXBuildFile; fileRef = 49E3684610FF8CC4009924B0 /* LDLoadingMaster.m */; };
		49E3684E10FF8CC4009924B0 /* LDFileIO.m in Sources */ = {isa = PBXBuildFile; fileRef = 49E3684910FF8CC4009924B0 /* LDFileIO.m */; };
		49E3686710FF9251009924B0 /* LDGraph.m in Sources */ = {isa = PBXBuildFile; fileRef = 49E3686210FF9251009924B0 /* LDGraph.m */; };
		49E3686810FF9251009924B0 /* LDPlot.m in Sources */ = {isa = PBXBuildFile; fileRef = 49E3686410FF9251009924B0 /* LDPlot.m */; };
		49E3686910FF9251009924B0 /* LDSubplot.m in Sources */ = {isa = PBXBuildFile; fileRef = 49E3686610FF9251009924B0 /* LDSubplot.m */; };
		49E3687510FF9262009924B0 /* LDButtonCell.m in Sources */ = {isa = PBXBuildFile; fileRef = 49E3687010FF9262009924B0 /* LDButtonCell.m */; };
		49E3687610FF9262009924B0 /* LDColorKey.m in Sources */ = {isa = PBXBuildFile; fileRef = 49E3687210FF9262009924B0 /* LDColorKey.m */; };
		49E3687710FF9262009924B0 /* LDLoadedData.m in Sources */ = {isa = PBXBuildFile; fileRef = 49E3687410FF9262009924B0 /* LDLoadedData.m */; };
		49E3687A10FF9272009924B0 /* LDGraphView.m in Sources */ = {isa = PBXBuildFile; fileRef = 49E3687910FF9272009924B0 /* LDGraphView.m */; };
		49E3690E10FF9C82009924B0 /* LDQuestion.xib in Resources */ = {isa = PBXBuildFile; fileRef = 49E3690D10FF9C82009924B0 /* LDQuestion.xib */; };
		49E3692510FFA774009924B0 /* LDQuestionView.m in Sources */ = {isa = PBXBuildFile; fileRef = 49E3692410FFA774009924B0 /* LDQuestionView.m */; };
		49E3692810FFA783009924B0 /* LDQuestionViewController.m in Sources */ = {isa = PBXBuildFile; fileRef = 49E3692710FFA783009924B0 /* LDQuestionViewController.m */; };
		49E36A291100EE82009924B0 /* LDWindow.m in Sources */ = {isa = PBXBuildFile; fileRef = 49E36A271100EE82009924B0 /* LDWindow.m */; };
		49E36B091101418A009924B0 /* LDPlot1.m in Sources */ = {isa = PBXBuildFile; fileRef = 49E36B081101418A009924B0 /* LDPlot1.m */; };
		49E36B0E11024395009924B0 /* LDPlot2.m in Sources */ = {isa = PBXBuildFile; fileRef = 49E36B0D11024395009924B0 /* LDPlot2.m */; };
		49E36B4111029B40009924B0 /* LDPlot3.m in Sources */ = {isa = PBXBuildFile; fileRef = 49E36B4011029B40009924B0 /* LDPlot3.m */; };
		49EEA72611229D4A000BF8DF /* LDLoading.xib in Resources */ = {isa = PBXBuildFile; fileRef = 49EEA72511229D4A000BF8DF /* LDLoading.xib */; };
		49EEA72F11229F65000BF8DF /* LDDateViewController.m in Sources */ = {isa = PBXBuildFile; fileRef = 49EEA72E11229F65000BF8DF /* LDDateViewController.m */; };
		49EEA97D1122B1D4000BF8DF /* LDQuestionAnswers.m in Sources */ = {isa = PBXBuildFile; fileRef = 49EEA97C1122B1D4000BF8DF /* LDQuestionAnswers.m */; };
		8D11072B0486CEB800E47090 /* InfoPlist.strings in Resources */ = {isa = PBXBuildFile; fileRef = 089C165CFE840E0CC02AAC07 /* InfoPlist.strings */; };
		8D11072D0486CEB800E47090 /* main.m in Sources */ = {isa = PBXBuildFile; fileRef = 29B97316FDCFA39411CA2CEA /* main.m */; settings = {ATTRIBUTES = (); }; };
		8D11072F0486CEB800E47090 /* Cocoa.framework in Frameworks */ = {isa = PBXBuildFile; fileRef = 1058C7A1FEA54F0111CA2CBB /* Cocoa.framework */; };
/* End PBXBuildFile section */

/* Begin PBXFileReference section */
		089C165DFE840E0CC02AAC07 /* English */ = {isa = PBXFileReference; fileEncoding = 4; lastKnownFileType = text.plist.strings; name = English; path = English.lproj/InfoPlist.strings; sourceTree = "<group>"; };
		1058C7A1FEA54F0111CA2CBB /* Cocoa.framework */ = {isa = PBXFileReference; lastKnownFileType = wrapper.framework; name = Cocoa.framework; path = /System/Library/Frameworks/Cocoa.framework; sourceTree = "<absolute>"; };
		13E42FB307B3F0F600E4EEF1 /* CoreData.framework */ = {isa = PBXFileReference; lastKnownFileType = wrapper.framework; name = CoreData.framework; path = /System/Library/Frameworks/CoreData.framework; sourceTree = "<absolute>"; };
		1DDD58150DA1D0A300B32029 /* English */ = {isa = PBXFileReference; lastKnownFileType = file.xib; name = English; path = English.lproj/MainMenu.xib; sourceTree = "<group>"; };
		256AC3F00F4B6AF500CF3369 /* LachesisDebriefer_Prefix.pch */ = {isa = PBXFileReference; fileEncoding = 4; lastKnownFileType = sourcecode.c.h; path = LachesisDebriefer_Prefix.pch; sourceTree = "<group>"; };
		29B97316FDCFA39411CA2CEA /* main.m */ = {isa = PBXFileReference; fileEncoding = 4; lastKnownFileType = sourcecode.c.objc; path = main.m; sourceTree = "<group>"; };
		29B97324FDCFA39411CA2CEA /* AppKit.framework */ = {isa = PBXFileReference; lastKnownFileType = wrapper.framework; name = AppKit.framework; path = /System/Library/Frameworks/AppKit.framework; sourceTree = "<absolute>"; };
		29B97325FDCFA39411CA2CEA /* Foundation.framework */ = {isa = PBXFileReference; lastKnownFileType = wrapper.framework; name = Foundation.framework; path = /System/Library/Frameworks/Foundation.framework; sourceTree = "<absolute>"; };
		492474361121DF53003C9CC9 /* LDDebriefFile.h */ = {isa = PBXFileReference; fileEncoding = 4; lastKnownFileType = sourcecode.c.h; path = LDDebriefFile.h; sourceTree = "<group>"; };
		492474371121DF53003C9CC9 /* LDDebriefFile.m */ = {isa = PBXFileReference; fileEncoding = 4; lastKnownFileType = sourcecode.c.objc; path = LDDebriefFile.m; sourceTree = "<group>"; };
		492474A11121E6E3003C9CC9 /* LDDebriefLine.h */ = {isa = PBXFileReference; fileEncoding = 4; lastKnownFileType = sourcecode.c.h; path = LDDebriefLine.h; sourceTree = "<group>"; };
		492474A21121E6E3003C9CC9 /* LDDebriefLine.m */ = {isa = PBXFileReference; fileEncoding = 4; lastKnownFileType = sourcecode.c.objc; path = LDDebriefLine.m; sourceTree = "<group>"; };
		4975F2EF112CDAAD0052E9B4 /* tree.xml */ = {isa = PBXFileReference; fileEncoding = 4; lastKnownFileType = text.xml; path = tree.xml; sourceTree = "<group>"; };
		4975F31F112CE40D0052E9B4 /* LDQuestionData.h */ = {isa = PBXFileReference; fileEncoding = 4; lastKnownFileType = sourcecode.c.h; path = LDQuestionData.h; sourceTree = "<group>"; };
		4975F320112CE40D0052E9B4 /* LDQuestionData.m */ = {isa = PBXFileReference; fileEncoding = 4; lastKnownFileType = sourcecode.c.objc; path = LDQuestionData.m; sourceTree = "<group>"; };
		4975F342112CE5860052E9B4 /* LDAppData.h */ = {isa = PBXFileReference; fileEncoding = 4; lastKnownFileType = sourcecode.c.h; path = LDAppData.h; sourceTree = "<group>"; };
		4975F343112CE5860052E9B4 /* LDAppData.m */ = {isa = PBXFileReference; fileEncoding = 4; lastKnownFileType = sourcecode.c.objc; path = LDAppData.m; sourceTree = "<group>"; };
		4975F391112CFB3D0052E9B4 /* LDReadInFile.h */ = {isa = PBXFileReference; fileEncoding = 4; lastKnownFileType = sourcecode.c.h; path = LDReadInFile.h; sourceTree = "<group>"; };
		4975F392112CFB3D0052E9B4 /* LDReadInFile.m */ = {isa = PBXFileReference; fileEncoding = 4; lastKnownFileType = sourcecode.c.objc; path = LDReadInFile.m; sourceTree = "<group>"; };
		4975F3C3112D00F70052E9B4 /* LDTaskData.h */ = {isa = PBXFileReference; fileEncoding = 4; lastKnownFileType = sourcecode.c.h; path = LDTaskData.h; sourceTree = "<group>"; };
		4975F3C4112D00F70052E9B4 /* LDTaskData.m */ = {isa = PBXFileReference; fileEncoding = 4; lastKnownFileType = sourcecode.c.objc; path = LDTaskData.m; sourceTree = "<group>"; };
		49E3684010FF8CC4009924B0 /* LachesisDebrieferAppDelegate.h */ = {isa = PBXFileReference; fileEncoding = 4; lastKnownFileType = sourcecode.c.h; path = LachesisDebrieferAppDelegate.h; sourceTree = "<group>"; };
		49E3684110FF8CC4009924B0 /* LachesisDebrieferAppDelegate.m */ = {isa = PBXFileReference; fileEncoding = 4; lastKnownFileType = sourcecode.c.objc; path = LachesisDebrieferAppDelegate.m; sourceTree = "<group>"; };
		49E3684210FF8CC4009924B0 /* LDLoadingViewController.h */ = {isa = PBXFileReference; fileEncoding = 4; lastKnownFileType = sourcecode.c.h; path = LDLoadingViewController.h; sourceTree = "<group>"; };
		49E3684310FF8CC4009924B0 /* LDLoadingViewController.m */ = {isa = PBXFileReference; fileEncoding = 4; lastKnownFileType = sourcecode.c.objc; path = LDLoadingViewController.m; sourceTree = "<group>"; };
		49E3684510FF8CC4009924B0 /* LDLoadingMaster.h */ = {isa = PBXFileReference; fileEncoding = 4; lastKnownFileType = sourcecode.c.h; path = LDLoadingMaster.h; sourceTree = "<group>"; };
		49E3684610FF8CC4009924B0 /* LDLoadingMaster.m */ = {isa = PBXFileReference; fileEncoding = 4; lastKnownFileType = sourcecode.c.objc; path = LDLoadingMaster.m; sourceTree = "<group>"; };
		49E3684810FF8CC4009924B0 /* LDFileIO.h */ = {isa = PBXFileReference; fileEncoding = 4; lastKnownFileType = sourcecode.c.h; path = LDFileIO.h; sourceTree = "<group>"; };
		49E3684910FF8CC4009924B0 /* LDFileIO.m */ = {isa = PBXFileReference; fileEncoding = 4; lastKnownFileType = sourcecode.c.objc; path = LDFileIO.m; sourceTree = "<group>"; };
		49E3686110FF9251009924B0 /* LDGraph.h */ = {isa = PBXFileReference; fileEncoding = 4; lastKnownFileType = sourcecode.c.h; path = LDGraph.h; sourceTree = "<group>"; };
		49E3686210FF9251009924B0 /* LDGraph.m */ = {isa = PBXFileReference; fileEncoding = 4; lastKnownFileType = sourcecode.c.objc; path = LDGraph.m; sourceTree = "<group>"; };
		49E3686310FF9251009924B0 /* LDPlot.h */ = {isa = PBXFileReference; fileEncoding = 4; lastKnownFileType = sourcecode.c.h; path = LDPlot.h; sourceTree = "<group>"; };
		49E3686410FF9251009924B0 /* LDPlot.m */ = {isa = PBXFileReference; fileEncoding = 4; lastKnownFileType = sourcecode.c.objc; path = LDPlot.m; sourceTree = "<group>"; };
		49E3686510FF9251009924B0 /* LDSubplot.h */ = {isa = PBXFileReference; fileEncoding = 4; lastKnownFileType = sourcecode.c.h; path = LDSubplot.h; sourceTree = "<group>"; };
		49E3686610FF9251009924B0 /* LDSubplot.m */ = {isa = PBXFileReference; fileEncoding = 4; lastKnownFileType = sourcecode.c.objc; path = LDSubplot.m; sourceTree = "<group>"; };
		49E3686F10FF9262009924B0 /* LDButtonCell.h */ = {isa = PBXFileReference; fileEncoding = 4; lastKnownFileType = sourcecode.c.h; path = LDButtonCell.h; sourceTree = "<group>"; };
		49E3687010FF9262009924B0 /* LDButtonCell.m */ = {isa = PBXFileReference; fileEncoding = 4; lastKnownFileType = sourcecode.c.objc; path = LDButtonCell.m; sourceTree = "<group>"; };
		49E3687110FF9262009924B0 /* LDColorKey.h */ = {isa = PBXFileReference; fileEncoding = 4; lastKnownFileType = sourcecode.c.h; path = LDColorKey.h; sourceTree = "<group>"; };
		49E3687210FF9262009924B0 /* LDColorKey.m */ = {isa = PBXFileReference; fileEncoding = 4; lastKnownFileType = sourcecode.c.objc; path = LDColorKey.m; sourceTree = "<group>"; };
		49E3687310FF9262009924B0 /* LDLoadedData.h */ = {isa = PBXFileReference; fileEncoding = 4; lastKnownFileType = sourcecode.c.h; path = LDLoadedData.h; sourceTree = "<group>"; };
		49E3687410FF9262009924B0 /* LDLoadedData.m */ = {isa = PBXFileReference; fileEncoding = 4; lastKnownFileType = sourcecode.c.objc; path = LDLoadedData.m; sourceTree = "<group>"; };
		49E3687810FF9272009924B0 /* LDGraphView.h */ = {isa = PBXFileReference; fileEncoding = 4; lastKnownFileType = sourcecode.c.h; path = LDGraphView.h; sourceTree = "<group>"; };
		49E3687910FF9272009924B0 /* LDGraphView.m */ = {isa = PBXFileReference; fileEncoding = 4; lastKnownFileType = sourcecode.c.objc; path = LDGraphView.m; sourceTree = "<group>"; };
		49E3690D10FF9C82009924B0 /* LDQuestion.xib */ = {isa = PBXFileReference; lastKnownFileType = file.xib; name = LDQuestion.xib; path = Classes/Models/LDQuestion.xib; sourceTree = "<group>"; };
		49E3692310FFA774009924B0 /* LDQuestionView.h */ = {isa = PBXFileReference; fileEncoding = 4; lastKnownFileType = sourcecode.c.h; path = LDQuestionView.h; sourceTree = "<group>"; };
		49E3692410FFA774009924B0 /* LDQuestionView.m */ = {isa = PBXFileReference; fileEncoding = 4; lastKnownFileType = sourcecode.c.objc; path = LDQuestionView.m; sourceTree = "<group>"; };
		49E3692610FFA783009924B0 /* LDQuestionViewController.h */ = {isa = PBXFileReference; fileEncoding = 4; lastKnownFileType = sourcecode.c.h; path = LDQuestionViewController.h; sourceTree = "<group>"; };
		49E3692710FFA783009924B0 /* LDQuestionViewController.m */ = {isa = PBXFileReference; fileEncoding = 4; lastKnownFileType = sourcecode.c.objc; path = LDQuestionViewController.m; sourceTree = "<group>"; };
		49E36A271100EE82009924B0 /* LDWindow.m */ = {isa = PBXFileReference; fileEncoding = 4; lastKnownFileType = sourcecode.c.objc; path = LDWindow.m; sourceTree = "<group>"; };
		49E36A281100EE82009924B0 /* LDWindow.h */ = {isa = PBXFileReference; fileEncoding = 4; lastKnownFileType = sourcecode.c.h; path = LDWindow.h; sourceTree = "<group>"; };
		49E36B071101418A009924B0 /* LDPlot1.h */ = {isa = PBXFileReference; fileEncoding = 4; lastKnownFileType = sourcecode.c.h; path = LDPlot1.h; sourceTree = "<group>"; };
		49E36B081101418A009924B0 /* LDPlot1.m */ = {isa = PBXFileReference; fileEncoding = 4; lastKnownFileType = sourcecode.c.objc; path = LDPlot1.m; sourceTree = "<group>"; };
		49E36B0C11024395009924B0 /* LDPlot2.h */ = {isa = PBXFileReference; fileEncoding = 4; lastKnownFileType = sourcecode.c.h; path = LDPlot2.h; sourceTree = "<group>"; };
		49E36B0D11024395009924B0 /* LDPlot2.m */ = {isa = PBXFileReference; fileEncoding = 4; lastKnownFileType = sourcecode.c.objc; path = LDPlot2.m; sourceTree = "<group>"; };
		49E36B3F11029B40009924B0 /* LDPlot3.h */ = {isa = PBXFileReference; fileEncoding = 4; lastKnownFileType = sourcecode.c.h; path = LDPlot3.h; sourceTree = "<group>"; };
		49E36B4011029B40009924B0 /* LDPlot3.m */ = {isa = PBXFileReference; fileEncoding = 4; lastKnownFileType = sourcecode.c.objc; path = LDPlot3.m; sourceTree = "<group>"; };
		49EEA72511229D4A000BF8DF /* LDLoading.xib */ = {isa = PBXFileReference; lastKnownFileType = file.xib; path = LDLoading.xib; sourceTree = "<group>"; };
		49EEA72D11229F65000BF8DF /* LDDateViewController.h */ = {isa = PBXFileReference; fileEncoding = 4; lastKnownFileType = sourcecode.c.h; path = LDDateViewController.h; sourceTree = "<group>"; };
		49EEA72E11229F65000BF8DF /* LDDateViewController.m */ = {isa = PBXFileReference; fileEncoding = 4; lastKnownFileType = sourcecode.c.objc; path = LDDateViewController.m; sourceTree = "<group>"; };
		49EEA97B1122B1D4000BF8DF /* LDQuestionAnswers.h */ = {isa = PBXFileReference; fileEncoding = 4; lastKnownFileType = sourcecode.c.h; path = LDQuestionAnswers.h; sourceTree = "<group>"; };
		49EEA97C1122B1D4000BF8DF /* LDQuestionAnswers.m */ = {isa = PBXFileReference; fileEncoding = 4; lastKnownFileType = sourcecode.c.objc; path = LDQuestionAnswers.m; sourceTree = "<group>"; };
		8D1107310486CEB800E47090 /* LachesisDebriefer-Info.plist */ = {isa = PBXFileReference; fileEncoding = 4; lastKnownFileType = text.plist.xml; path = "LachesisDebriefer-Info.plist"; sourceTree = "<group>"; };
		8D1107320486CEB800E47090 /* LachesisDebriefer.app */ = {isa = PBXFileReference; explicitFileType = wrapper.application; includeInIndex = 0; path = LachesisDebriefer.app; sourceTree = BUILT_PRODUCTS_DIR; };
/* End PBXFileReference section */

/* Begin PBXFrameworksBuildPhase section */
		8D11072E0486CEB800E47090 /* Frameworks */ = {
			isa = PBXFrameworksBuildPhase;
			buildActionMask = 2147483647;
			files = (
				8D11072F0486CEB800E47090 /* Cocoa.framework in Frameworks */,
			);
			runOnlyForDeploymentPostprocessing = 0;
		};
/* End PBXFrameworksBuildPhase section */

/* Begin PBXGroup section */
		1058C7A0FEA54F0111CA2CBB /* Linked Frameworks */ = {
			isa = PBXGroup;
			children = (
				1058C7A1FEA54F0111CA2CBB /* Cocoa.framework */,
			);
			name = "Linked Frameworks";
			sourceTree = "<group>";
		};
		1058C7A2FEA54F0111CA2CBB /* Other Frameworks */ = {
			isa = PBXGroup;
			children = (
				29B97324FDCFA39411CA2CEA /* AppKit.framework */,
				13E42FB307B3F0F600E4EEF1 /* CoreData.framework */,
				29B97325FDCFA39411CA2CEA /* Foundation.framework */,
			);
			name = "Other Frameworks";
			sourceTree = "<group>";
		};
		19C28FACFE9D520D11CA2CBB /* Products */ = {
			isa = PBXGroup;
			children = (
				8D1107320486CEB800E47090 /* LachesisDebriefer.app */,
			);
			name = Products;
			sourceTree = "<group>";
		};
		29B97314FDCFA39411CA2CEA /* LachesisDebriefer */ = {
			isa = PBXGroup;
			children = (
				49E3683E10FF8CC4009924B0 /* Classes */,
				29B97315FDCFA39411CA2CEA /* Other Sources */,
				29B97317FDCFA39411CA2CEA /* Resources */,
				29B97323FDCFA39411CA2CEA /* Frameworks */,
				19C28FACFE9D520D11CA2CBB /* Products */,
			);
			name = LachesisDebriefer;
			sourceTree = "<group>";
		};
		29B97315FDCFA39411CA2CEA /* Other Sources */ = {
			isa = PBXGroup;
			children = (
				256AC3F00F4B6AF500CF3369 /* LachesisDebriefer_Prefix.pch */,
				29B97316FDCFA39411CA2CEA /* main.m */,
			);
			name = "Other Sources";
			sourceTree = "<group>";
		};
		29B97317FDCFA39411CA2CEA /* Resources */ = {
			isa = PBXGroup;
			children = (
				4975F2EF112CDAAD0052E9B4 /* tree.xml */,
				8D1107310486CEB800E47090 /* LachesisDebriefer-Info.plist */,
				089C165CFE840E0CC02AAC07 /* InfoPlist.strings */,
				1DDD58140DA1D0A300B32029 /* MainMenu.xib */,
				49EEA72511229D4A000BF8DF /* LDLoading.xib */,
				49E3690D10FF9C82009924B0 /* LDQuestion.xib */,
			);
			name = Resources;
			sourceTree = "<group>";
		};
		29B97323FDCFA39411CA2CEA /* Frameworks */ = {
			isa = PBXGroup;
			children = (
				1058C7A0FEA54F0111CA2CBB /* Linked Frameworks */,
				1058C7A2FEA54F0111CA2CBB /* Other Frameworks */,
			);
			name = Frameworks;
			sourceTree = "<group>";
		};
		492474351121DF3D003C9CC9 /* Clotho Objects */ = {
			isa = PBXGroup;
			children = (
				492474361121DF53003C9CC9 /* LDDebriefFile.h */,
				492474371121DF53003C9CC9 /* LDDebriefFile.m */,
				492474A11121E6E3003C9CC9 /* LDDebriefLine.h */,
				492474A21121E6E3003C9CC9 /* LDDebriefLine.m */,
			);
			name = "Clotho Objects";
			sourceTree = "<group>";
		};
		49E3683E10FF8CC4009924B0 /* Classes */ = {
			isa = PBXGroup;
			children = (
				492474351121DF3D003C9CC9 /* Clotho Objects */,
				49E3683F10FF8CC4009924B0 /* Controllers */,
				49E3684410FF8CC4009924B0 /* Models */,
				49E3684A10FF8CC4009924B0 /* Views */,
				49E3684710FF8CC4009924B0 /* Utilities */,
			);
			path = Classes;
			sourceTree = "<group>";
		};
		49E3683F10FF8CC4009924B0 /* Controllers */ = {
			isa = PBXGroup;
			children = (
				49E3684010FF8CC4009924B0 /* LachesisDebrieferAppDelegate.h */,
				49E3684110FF8CC4009924B0 /* LachesisDebrieferAppDelegate.m */,
				49EEA72D11229F65000BF8DF /* LDDateViewController.h */,
				49EEA72E11229F65000BF8DF /* LDDateViewController.m */,
				49E3684210FF8CC4009924B0 /* LDLoadingViewController.h */,
				49E3684310FF8CC4009924B0 /* LDLoadingViewController.m */,
				49E3692610FFA783009924B0 /* LDQuestionViewController.h */,
				49E3692710FFA783009924B0 /* LDQuestionViewController.m */,
			);
			path = Controllers;
			sourceTree = "<group>";
		};
		49E3684410FF8CC4009924B0 /* Models */ = {
			isa = PBXGroup;
			children = (
				49E3686010FF9251009924B0 /* Graph */,
				49E3686E10FF9262009924B0 /* Metadata */,
				49E369AE10FFB2B3009924B0 /* Loading */,
			);
			path = Models;
			sourceTree = "<group>";
		};
		49E3684710FF8CC4009924B0 /* Utilities */ = {
			isa = PBXGroup;
			children = (
				49E3684810FF8CC4009924B0 /* LDFileIO.h */,
				49E3684910FF8CC4009924B0 /* LDFileIO.m */,
			);
			path = Utilities;
			sourceTree = "<group>";
		};
		49E3684A10FF8CC4009924B0 /* Views */ = {
			isa = PBXGroup;
			children = (
				49E3687810FF9272009924B0 /* LDGraphView.h */,
				49E3687910FF9272009924B0 /* LDGraphView.m */,
				49E3692310FFA774009924B0 /* LDQuestionView.h */,
				49E3692410FFA774009924B0 /* LDQuestionView.m */,
				49E36A281100EE82009924B0 /* LDWindow.h */,
				49E36A271100EE82009924B0 /* LDWindow.m */,
			);
			path = Views;
			sourceTree = "<group>";
		};
		49E3686010FF9251009924B0 /* Graph */ = {
			isa = PBXGroup;
			children = (
				49E3686110FF9251009924B0 /* LDGraph.h */,
				49E3686210FF9251009924B0 /* LDGraph.m */,
				49E3686310FF9251009924B0 /* LDPlot.h */,
				49E3686410FF9251009924B0 /* LDPlot.m */,
				49E36B071101418A009924B0 /* LDPlot1.h */,
				49E36B081101418A009924B0 /* LDPlot1.m */,
				49E36B0C11024395009924B0 /* LDPlot2.h */,
				49E36B0D11024395009924B0 /* LDPlot2.m */,
				49E36B3F11029B40009924B0 /* LDPlot3.h */,
				49E36B4011029B40009924B0 /* LDPlot3.m */,
				49E3686510FF9251009924B0 /* LDSubplot.h */,
				49E3686610FF9251009924B0 /* LDSubplot.m */,
			);
			name = Graph;
			sourceTree = "<group>";
		};
		49E3686E10FF9262009924B0 /* Metadata */ = {
			isa = PBXGroup;
			children = (
				49E3686F10FF9262009924B0 /* LDButtonCell.h */,
				49E3687010FF9262009924B0 /* LDButtonCell.m */,
				49E3687110FF9262009924B0 /* LDColorKey.h */,
				49E3687210FF9262009924B0 /* LDColorKey.m */,
				49E3687310FF9262009924B0 /* LDLoadedData.h */,
				49E3687410FF9262009924B0 /* LDLoadedData.m */,
				49EEA97B1122B1D4000BF8DF /* LDQuestionAnswers.h */,
				49EEA97C1122B1D4000BF8DF /* LDQuestionAnswers.m */,
				4975F31F112CE40D0052E9B4 /* LDQuestionData.h */,
				4975F320112CE40D0052E9B4 /* LDQuestionData.m */,
			);
			name = Metadata;
			sourceTree = "<group>";
		};
		49E369AE10FFB2B3009924B0 /* Loading */ = {
			isa = PBXGroup;
			children = (
				4975F342112CE5860052E9B4 /* LDAppData.h */,
				4975F343112CE5860052E9B4 /* LDAppData.m */,
				49E3684510FF8CC4009924B0 /* LDLoadingMaster.h */,
				49E3684610FF8CC4009924B0 /* LDLoadingMaster.m */,
				4975F391112CFB3D0052E9B4 /* LDReadInFile.h */,
				4975F392112CFB3D0052E9B4 /* LDReadInFile.m */,
				4975F3C3112D00F70052E9B4 /* LDTaskData.h */,
				4975F3C4112D00F70052E9B4 /* LDTaskData.m */,
			);
			name = Loading;
			sourceTree = "<group>";
		};
/* End PBXGroup section */

/* Begin PBXNativeTarget section */
		8D1107260486CEB800E47090 /* LachesisDebriefer */ = {
			isa = PBXNativeTarget;
			buildConfigurationList = C01FCF4A08A954540054247B /* Build configuration list for PBXNativeTarget "LachesisDebriefer" */;
			buildPhases = (
				8D1107290486CEB800E47090 /* Resources */,
				8D11072C0486CEB800E47090 /* Sources */,
				8D11072E0486CEB800E47090 /* Frameworks */,
			);
			buildRules = (
			);
			dependencies = (
			);
			name = LachesisDebriefer;
			productInstallPath = "$(HOME)/Applications";
			productName = LachesisDebriefer;
			productReference = 8D1107320486CEB800E47090 /* LachesisDebriefer.app */;
			productType = "com.apple.product-type.application";
		};
/* End PBXNativeTarget section */

/* Begin PBXProject section */
		29B97313FDCFA39411CA2CEA /* Project object */ = {
			isa = PBXProject;
			buildConfigurationList = C01FCF4E08A954540054247B /* Build configuration list for PBXProject "LachesisDebriefer" */;
			compatibilityVersion = "Xcode 3.1";
			hasScannedForEncodings = 1;
			mainGroup = 29B97314FDCFA39411CA2CEA /* LachesisDebriefer */;
			projectDirPath = "";
			projectRoot = "";
			targets = (
				8D1107260486CEB800E47090 /* LachesisDebriefer */,
			);
		};
/* End PBXProject section */

/* Begin PBXResourcesBuildPhase section */
		8D1107290486CEB800E47090 /* Resources */ = {
			isa = PBXResourcesBuildPhase;
			buildActionMask = 2147483647;
			files = (
				8D11072B0486CEB800E47090 /* InfoPlist.strings in Resources */,
				1DDD58160DA1D0A300B32029 /* MainMenu.xib in Resources */,
				49E3690E10FF9C82009924B0 /* LDQuestion.xib in Resources */,
				49EEA72611229D4A000BF8DF /* LDLoading.xib in Resources */,
				4975F2F0112CDAAD0052E9B4 /* tree.xml in Resources */,
			);
			runOnlyForDeploymentPostprocessing = 0;
		};
/* End PBXResourcesBuildPhase section */

/* Begin PBXSourcesBuildPhase section */
		8D11072C0486CEB800E47090 /* Sources */ = {
			isa = PBXSourcesBuildPhase;
			buildActionMask = 2147483647;
			files = (
				8D11072D0486CEB800E47090 /* main.m in Sources */,
				49E3684B10FF8CC4009924B0 /* LachesisDebrieferAppDelegate.m in Sources */,
				49E3684C10FF8CC4009924B0 /* LDLoadingViewController.m in Sources */,
				49E3684D10FF8CC4009924B0 /* LDLoadingMaster.m in Sources */,
				49E3684E10FF8CC4009924B0 /* LDFileIO.m in Sources */,
				49E3686710FF9251009924B0 /* LDGraph.m in Sources */,
				49E3686810FF9251009924B0 /* LDPlot.m in Sources */,
				49E3686910FF9251009924B0 /* LDSubplot.m in Sources */,
				49E3687510FF9262009924B0 /* LDButtonCell.m in Sources */,
				49E3687610FF9262009924B0 /* LDColorKey.m in Sources */,
				49E3687710FF9262009924B0 /* LDLoadedData.m in Sources */,
				49E3687A10FF9272009924B0 /* LDGraphView.m in Sources */,
				49E3692510FFA774009924B0 /* LDQuestionView.m in Sources */,
				49E3692810FFA783009924B0 /* LDQuestionViewController.m in Sources */,
				49E36A291100EE82009924B0 /* LDWindow.m in Sources */,
				49E36B091101418A009924B0 /* LDPlot1.m in Sources */,
				49E36B0E11024395009924B0 /* LDPlot2.m in Sources */,
				49E36B4111029B40009924B0 /* LDPlot3.m in Sources */,
				492474381121DF53003C9CC9 /* LDDebriefFile.m in Sources */,
				492474A31121E6E3003C9CC9 /* LDDebriefLine.m in Sources */,
				49EEA72F11229F65000BF8DF /* LDDateViewController.m in Sources */,
				49EEA97D1122B1D4000BF8DF /* LDQuestionAnswers.m in Sources */,
				4975F321112CE40D0052E9B4 /* LDQuestionData.m in Sources */,
				4975F344112CE5860052E9B4 /* LDAppData.m in Sources */,
				4975F393112CFB3D0052E9B4 /* LDReadInFile.m in Sources */,
				4975F3C5112D00F70052E9B4 /* LDTaskData.m in Sources */,
			);
			runOnlyForDeploymentPostprocessing = 0;
		};
/* End PBXSourcesBuildPhase section */

/* Begin PBXVariantGroup section */
		089C165CFE840E0CC02AAC07 /* InfoPlist.strings */ = {
			isa = PBXVariantGroup;
			children = (
				089C165DFE840E0CC02AAC07 /* English */,
			);
			name = InfoPlist.strings;
			sourceTree = "<group>";
		};
		1DDD58140DA1D0A300B32029 /* MainMenu.xib */ = {
			isa = PBXVariantGroup;
			children = (
				1DDD58150DA1D0A300B32029 /* English */,
			);
			name = MainMenu.xib;
			sourceTree = "<group>";
		};
/* End PBXVariantGroup section */

/* Begin XCBuildConfiguration section */
		C01FCF4B08A954540054247B /* Debug */ = {
			isa = XCBuildConfiguration;
			buildSettings = {
				ALWAYS_SEARCH_USER_PATHS = NO;
				COPY_PHASE_STRIP = NO;
				GCC_DYNAMIC_NO_PIC = NO;
				GCC_ENABLE_FIX_AND_CONTINUE = YES;
				GCC_ENABLE_OBJC_GC = required;
				GCC_MODEL_TUNING = G5;
				GCC_OPTIMIZATION_LEVEL = 0;
				GCC_PRECOMPILE_PREFIX_HEADER = YES;
				GCC_PREFIX_HEADER = LachesisDebriefer_Prefix.pch;
				GCC_TREAT_WARNINGS_AS_ERRORS = YES;
				INFOPLIST_FILE = "LachesisDebriefer-Info.plist";
				INSTALL_PATH = "$(HOME)/Applications";
				PRODUCT_NAME = LachesisDebriefer;
			};
			name = Debug;
		};
		C01FCF4C08A954540054247B /* Release */ = {
			isa = XCBuildConfiguration;
			buildSettings = {
				ALWAYS_SEARCH_USER_PATHS = NO;
				DEBUG_INFORMATION_FORMAT = "dwarf-with-dsym";
				GCC_MODEL_TUNING = G5;
				GCC_PRECOMPILE_PREFIX_HEADER = YES;
				GCC_PREFIX_HEADER = LachesisDebriefer_Prefix.pch;
				INFOPLIST_FILE = "LachesisDebriefer-Info.plist";
				INSTALL_PATH = "$(HOME)/Applications";
				PRODUCT_NAME = LachesisDebriefer;
			};
			name = Release;
		};
		C01FCF4F08A954540054247B /* Debug */ = {
			isa = XCBuildConfiguration;
			buildSettings = {
				ARCHS = "$(ARCHS_STANDARD_32_64_BIT)";
				GCC_C_LANGUAGE_STANDARD = gnu99;
				GCC_OPTIMIZATION_LEVEL = 0;
				GCC_WARN_ABOUT_RETURN_TYPE = YES;
				GCC_WARN_UNUSED_VARIABLE = YES;
				ONLY_ACTIVE_ARCH = YES;
				PREBINDING = NO;
				SDKROOT = macosx10.6;
			};
			name = Debug;
		};
		C01FCF5008A954540054247B /* Release */ = {
			isa = XCBuildConfiguration;
			buildSettings = {
				ARCHS = "$(ARCHS_STANDARD_32_64_BIT)";
				GCC_C_LANGUAGE_STANDARD = gnu99;
				GCC_WARN_ABOUT_RETURN_TYPE = YES;
				GCC_WARN_UNUSED_VARIABLE = YES;
				PREBINDING = NO;
				SDKROOT = macosx10.6;
			};
			name = Release;
		};
/* End XCBuildConfiguration section */

/* Begin XCConfigurationList section */
		C01FCF4A08A954540054247B /* Build configuration list for PBXNativeTarget "LachesisDebriefer" */ = {
			isa = XCConfigurationList;
			buildConfigurations = (
				C01FCF4B08A954540054247B /* Debug */,
				C01FCF4C08A954540054247B /* Release */,
			);
			defaultConfigurationIsVisible = 0;
			defaultConfigurationName = Release;
		};
		C01FCF4E08A954540054247B /* Build configuration list for PBXProject "LachesisDebriefer" */ = {
			isa = XCConfigurationList;
			buildConfigurations = (
				C01FCF4F08A954540054247B /* Debug */,
				C01FCF5008A954540054247B /* Release */,
			);
			defaultConfigurationIsVisible = 0;
			defaultConfigurationName = Release;
		};
/* End XCConfigurationList section */
	};
	rootObject = 29B97313FDCFA39411CA2CEA /* Project object */;
}
